{
  "name": "BC_project_2",
  "lockfileVersion": 2,
  "requires": true,
  "packages": {
    "": {
      "dependencies": {
        "@thirdweb-dev/chains": "^0.1.99"
      }
    },
    "node_modules/@thirdweb-dev/chains": {
      "version": "0.1.99",
      "resolved": "https://registry.npmjs.org/@thirdweb-dev/chains/-/chains-0.1.99.tgz",
      "integrity": "sha512-ZxwDY8ijWRiTBDqTBM51pNhM3O4RIgVJqFpiyFzBzQSaEcfOiTcdDpuy4v/5odDbG+aDA7TzVjyYh+ulyL17+A==",
      "engines": {
        "node": ">=18"
      }
    }
  },
  "dependencies": {
    "@thirdweb-dev/chains": {
      "version": "0.1.99",
      "resolved": "https://registry.npmjs.org/@thirdweb-dev/chains/-/chains-0.1.99.tgz",
      "integrity": "sha512-ZxwDY8ijWRiTBDqTBM51pNhM3O4RIgVJqFpiyFzBzQSaEcfOiTcdDpuy4v/5odDbG+aDA7TzVjyYh+ulyL17+A=="
    }
  }
}
